
Microsoft Visual Studio Solution File, Format Version 12.00
# Visual Studio Version 17
VisualStudioVersion = 17.14.36518.9 d17.14
MinimumVisualStudioVersion = 10.0.40219.1
Project("{FAE04EC0-301F-11D3-BF4B-00C04F79EFBC}") = "FlashQuizz", "FlashQuizz.csproj", "{1BD66DD3-285E-4A86-B443-4BB5887FCD47}"
EndProject
Global
	GlobalSection(SolutionConfigurationPlatforms) = preSolution
		Debug|Any CPU = Debug|Any CPU
		Release|Any CPU = Release|Any CPU
	EndGlobalSection
	GlobalSection(ProjectConfigurationPlatforms) = postSolution
		{1BD66DD3-285E-4A86-B443-4BB5887FCD47}.Debug|Any CPU.ActiveCfg = Debug|Any CPU
		{1BD66DD3-285E-4A86-B443-4BB5887FCD47}.Debug|Any CPU.Build.0 = Debug|Any CPU
		{1BD66DD3-285E-4A86-B443-4BB5887FCD47}.Release|Any CPU.ActiveCfg = Release|Any CPU
		{1BD66DD3-285E-4A86-B443-4BB5887FCD47}.Release|Any CPU.Build.0 = Release|Any CPU
	EndGlobalSection
	GlobalSection(SolutionProperties) = preSolution
		HideSolutionNode = FALSE
	EndGlobalSection
	GlobalSection(ExtensibilityGlobals) = postSolution
		SolutionGuid = {7DFE8717-0A28-41D7-9C3C-AE81E192302C}
	EndGlobalSection
EndGlobal
